
Microsoft Visual Studio Solution File, Format Version 12.00
# Visual Studio 15
VisualStudioVersion = 15.0.27428.2043
MinimumVisualStudioVersion = 10.0.40219.1
Project("{FAE04EC0-301F-11D3-BF4B-00C04F79EFBC}") = "skin_care", "skin_care\skin_care.csproj", "{3E1DE0FB-913B-4A6D-A063-A39E90E9C911}"
EndProject
Global
	GlobalSection(SolutionConfigurationPlatforms) = preSolution
		Debug|Any CPU = Debug|Any CPU
		Release|Any CPU = Release|Any CPU
	EndGlobalSection
	GlobalSection(ProjectConfigurationPlatforms) = postSolution
		{3E1DE0FB-913B-4A6D-A063-A39E90E9C911}.Debug|Any CPU.ActiveCfg = Debug|Any CPU
		{3E1DE0FB-913B-4A6D-A063-A39E90E9C911}.Debug|Any CPU.Build.0 = Debug|Any CPU
		{3E1DE0FB-913B-4A6D-A063-A39E90E9C911}.Release|Any CPU.ActiveCfg = Release|Any CPU
		{3E1DE0FB-913B-4A6D-A063-A39E90E9C911}.Release|Any CPU.Build.0 = Release|Any CPU
	EndGlobalSection
	GlobalSection(SolutionProperties) = preSolution
		HideSolutionNode = FALSE
	EndGlobalSection
	GlobalSection(ExtensibilityGlobals) = postSolution
		SolutionGuid = {50A06AFA-EEAA-470D-8DF2-4928D665530E}
	EndGlobalSection
EndGlobal
