
Microsoft Visual Studio Solution File, Format Version 12.00
# Visual Studio 15
VisualStudioVersion = 15.0.27428.1
MinimumVisualStudioVersion = 10.0.40219.1
Project("{FAE04EC0-301F-11D3-BF4B-00C04F79EFBC}") = "Skincare Management System", "Skincare Management System\Skincare Management System.csproj", "{EE592D1A-24B1-4AED-A5F5-33A5D83E8963}"
EndProject
Global
	GlobalSection(SolutionConfigurationPlatforms) = preSolution
		Debug|Any CPU = Debug|Any CPU
		Release|Any CPU = Release|Any CPU
	EndGlobalSection
	GlobalSection(ProjectConfigurationPlatforms) = postSolution
		{EE592D1A-24B1-4AED-A5F5-33A5D83E8963}.Debug|Any CPU.ActiveCfg = Debug|Any CPU
		{EE592D1A-24B1-4AED-A5F5-33A5D83E8963}.Debug|Any CPU.Build.0 = Debug|Any CPU
		{EE592D1A-24B1-4AED-A5F5-33A5D83E8963}.Release|Any CPU.ActiveCfg = Release|Any CPU
		{EE592D1A-24B1-4AED-A5F5-33A5D83E8963}.Release|Any CPU.Build.0 = Release|Any CPU
	EndGlobalSection
	GlobalSection(SolutionProperties) = preSolution
		HideSolutionNode = FALSE
	EndGlobalSection
	GlobalSection(ExtensibilityGlobals) = postSolution
		SolutionGuid = {39AA8CF8-7C97-4A10-8737-5A2EBCB046EE}
	EndGlobalSection
EndGlobal
